
Microsoft Visual Studio Solution File, Format Version 12.00
# Visual Studio Version 17
VisualStudioVersion = 17.14.36301.6 d17.14
MinimumVisualStudioVersion = 10.0.40219.1
Project("{FAE04EC0-301F-11D3-BF4B-00C04F79EFBC}") = "ECommerceApp", "ECommerceApp\ECommerceApp.csproj", "{29E48834-DB12-4932-8DD3-05561CD39ACC}"
EndProject
Global
	GlobalSection(SolutionConfigurationPlatforms) = preSolution
		Debug|Any CPU = Debug|Any CPU
		Release|Any CPU = Release|Any CPU
	EndGlobalSection
	GlobalSection(ProjectConfigurationPlatforms) = postSolution
		{29E48834-DB12-4932-8DD3-05561CD39ACC}.Debug|Any CPU.ActiveCfg = Debug|Any CPU
		{29E48834-DB12-4932-8DD3-05561CD39ACC}.Debug|Any CPU.Build.0 = Debug|Any CPU
		{29E48834-DB12-4932-8DD3-05561CD39ACC}.Release|Any CPU.ActiveCfg = Release|Any CPU
		{29E48834-DB12-4932-8DD3-05561CD39ACC}.Release|Any CPU.Build.0 = Release|Any CPU
	EndGlobalSection
	GlobalSection(SolutionProperties) = preSolution
		HideSolutionNode = FALSE
	EndGlobalSection
	GlobalSection(ExtensibilityGlobals) = postSolution
		SolutionGuid = {02FB5D90-3A03-433B-9EF4-07365FF3FF1C}
	EndGlobalSection
EndGlobal
